
Microsoft Visual Studio Solution File, Format Version 12.00
# Visual Studio Version 17
VisualStudioVersion = 17.8.34330.188
MinimumVisualStudioVersion = 10.0.40219.1
Project("{FAE04EC0-301F-11D3-BF4B-00C04F79EFBC}") = "Hospital Admin System", "Hospital Admin System.csproj", "{3C5AA704-BB8A-47F9-AC13-304BF77A04EC}"
EndProject
Global
	GlobalSection(SolutionConfigurationPlatforms) = preSolution
		Debug|Any CPU = Debug|Any CPU
		Release|Any CPU = Release|Any CPU
	EndGlobalSection
	GlobalSection(ProjectConfigurationPlatforms) = postSolution
		{3C5AA704-BB8A-47F9-AC13-304BF77A04EC}.Debug|Any CPU.ActiveCfg = Debug|Any CPU
		{3C5AA704-BB8A-47F9-AC13-304BF77A04EC}.Debug|Any CPU.Build.0 = Debug|Any CPU
		{3C5AA704-BB8A-47F9-AC13-304BF77A04EC}.Release|Any CPU.ActiveCfg = Release|Any CPU
		{3C5AA704-BB8A-47F9-AC13-304BF77A04EC}.Release|Any CPU.Build.0 = Release|Any CPU
	EndGlobalSection
	GlobalSection(SolutionProperties) = preSolution
		HideSolutionNode = FALSE
	EndGlobalSection
	GlobalSection(ExtensibilityGlobals) = postSolution
		SolutionGuid = {CAF260E9-21DD-4678-9870-79E13B99D7EB}
	EndGlobalSection
EndGlobal
